
Microsoft Visual Studio Solution File, Format Version 12.00
# Visual Studio Version 17
VisualStudioVersion = 17.5.33627.172
MinimumVisualStudioVersion = 10.0.40219.1
Project("{FAE04EC0-301F-11D3-BF4B-00C04F79EFBC}") = "hygge-imaotai", "hygge-imaotai.csproj", "{B8F77375-8351-4F89-ACAF-F0ABCE3FAFD3}"
EndProject
Project("{2150E333-8FDC-42A3-9474-1A3956D46DE8}") = "解决方案项", "解决方案项", "{A0338ACD-5A04-4535-83F9-2914792A6AE5}"
EndProject
Global
	GlobalSection(SolutionConfigurationPlatforms) = preSolution
		Debug|Any CPU = Debug|Any CPU
		Release|Any CPU = Release|Any CPU
	EndGlobalSection
	GlobalSection(ProjectConfigurationPlatforms) = postSolution
		{B8F77375-8351-4F89-ACAF-F0ABCE3FAFD3}.Debug|Any CPU.ActiveCfg = Debug|Any CPU
		{B8F77375-8351-4F89-ACAF-F0ABCE3FAFD3}.Debug|Any CPU.Build.0 = Debug|Any CPU
		{B8F77375-8351-4F89-ACAF-F0ABCE3FAFD3}.Release|Any CPU.ActiveCfg = Release|Any CPU
		{B8F77375-8351-4F89-ACAF-F0ABCE3FAFD3}.Release|Any CPU.Build.0 = Release|Any CPU
	EndGlobalSection
	GlobalSection(SolutionProperties) = preSolution
		HideSolutionNode = FALSE
	EndGlobalSection
	GlobalSection(ExtensibilityGlobals) = postSolution
		SolutionGuid = {FC946CBD-CD08-4B2B-AF5C-1E8DE543EAD8}
	EndGlobalSection
EndGlobal
